// !$*UTF8*$!
{
	archiveVersion = 1;
	classes = {
	};
	objectVersion = 55;
	objects = {

/* Begin PBXBuildFile section */
		63527FAF278C7B1A00A62D52 /* AppDelegate.swift in Sources */ = {isa = PBXBuildFile; fileRef = 63527FAE278C7B1A00A62D52 /* AppDelegate.swift */; };
		63527FB1278C7B1A00A62D52 /* SceneDelegate.swift in Sources */ = {isa = PBXBuildFile; fileRef = 63527FB0278C7B1A00A62D52 /* SceneDelegate.swift */; };
		63527FB3278C7B1A00A62D52 /* MediaViewController.swift in Sources */ = {isa = PBXBuildFile; fileRef = 63527FB2278C7B1A00A62D52 /* MediaViewController.swift */; };
		63527FB6278C7B1A00A62D52 /* Main.storyboard in Resources */ = {isa = PBXBuildFile; fileRef = 63527FB4278C7B1A00A62D52 /* Main.storyboard */; };
		63527FB8278C7B1D00A62D52 /* Assets.xcassets in Resources */ = {isa = PBXBuildFile; fileRef = 63527FB7278C7B1D00A62D52 /* Assets.xcassets */; };
		63527FBB278C7B1D00A62D52 /* LaunchScreen.storyboard in Resources */ = {isa = PBXBuildFile; fileRef = 63527FB9278C7B1D00A62D52 /* LaunchScreen.storyboard */; };
		E0C79D4D0B624A4FEEA5684B /* Pods_TMDBapp.framework in Frameworks */ = {isa = PBXBuildFile; fileRef = 59D810E85CCE5561FA88D459 /* Pods_TMDBapp.framework */; };
/* End PBXBuildFile section */

/* Begin PBXFileReference section */
		59D810E85CCE5561FA88D459 /* Pods_TMDBapp.framework */ = {isa = PBXFileReference; explicitFileType = wrapper.framework; includeInIndex = 0; path = Pods_TMDBapp.framework; sourceTree = BUILT_PRODUCTS_DIR; };
		63527FAB278C7B1A00A62D52 /* TMDBapp.app */ = {isa = PBXFileReference; explicitFileType = wrapper.application; includeInIndex = 0; path = TMDBapp.app; sourceTree = BUILT_PRODUCTS_DIR; };
		63527FAE278C7B1A00A62D52 /* AppDelegate.swift */ = {isa = PBXFileReference; lastKnownFileType = sourcecode.swift; path = AppDelegate.swift; sourceTree = "<group>"; };
		63527FB0278C7B1A00A62D52 /* SceneDelegate.swift */ = {isa = PBXFileReference; lastKnownFileType = sourcecode.swift; path = SceneDelegate.swift; sourceTree = "<group>"; };
		63527FB2278C7B1A00A62D52 /* MediaViewController.swift */ = {isa = PBXFileReference; lastKnownFileType = sourcecode.swift; path = MediaViewController.swift; sourceTree = "<group>"; };
		63527FB5278C7B1A00A62D52 /* Base */ = {isa = PBXFileReference; lastKnownFileType = file.storyboard; name = Base; path = Base.lproj/Main.storyboard; sourceTree = "<group>"; };
		63527FB7278C7B1D00A62D52 /* Assets.xcassets */ = {isa = PBXFileReference; lastKnownFileType = folder.assetcatalog; path = Assets.xcassets; sourceTree = "<group>"; };
		63527FBA278C7B1D00A62D52 /* Base */ = {isa = PBXFileReference; lastKnownFileType = file.storyboard; name = Base; path = Base.lproj/LaunchScreen.storyboard; sourceTree = "<group>"; };
		63527FBC278C7B1D00A62D52 /* Info.plist */ = {isa = PBXFileReference; lastKnownFileType = text.plist.xml; path = Info.plist; sourceTree = "<group>"; };
		E9BEA3DAA6712ADE02AAC600 /* Pods-TMDBapp.release.xcconfig */ = {isa = PBXFileReference; includeInIndex = 1; lastKnownFileType = text.xcconfig; name = "Pods-TMDBapp.release.xcconfig"; path = "Target Support Files/Pods-TMDBapp/Pods-TMDBapp.release.xcconfig"; sourceTree = "<group>"; };
		F4972F7AE00735DB48D9D325 /* Pods-TMDBapp.debug.xcconfig */ = {isa = PBXFileReference; includeInIndex = 1; lastKnownFileType = text.xcconfig; name = "Pods-TMDBapp.debug.xcconfig"; path = "Target Support Files/Pods-TMDBapp/Pods-TMDBapp.debug.xcconfig"; sourceTree = "<group>"; };
/* End PBXFileReference section */

/* Begin PBXFrameworksBuildPhase section */
		63527FA8278C7B1A00A62D52 /* Frameworks */ = {
			isa = PBXFrameworksBuildPhase;
			buildActionMask = 2147483647;
			files = (
				E0C79D4D0B624A4FEEA5684B /* Pods_TMDBapp.framework in Frameworks */,
			);
			runOnlyForDeploymentPostprocessing = 0;
		};
/* End PBXFrameworksBuildPhase section */

/* Begin PBXGroup section */
		63527FA2278C7B1A00A62D52 = {
			isa = PBXGroup;
			children = (
				63527FAD278C7B1A00A62D52 /* TMDBapp */,
				63527FAC278C7B1A00A62D52 /* Products */,
				A3F4A15BDCC4C96104086994 /* Pods */,
				6AA163D1D642E36AD35510AB /* Frameworks */,
			);
			sourceTree = "<group>";
		};
		63527FAC278C7B1A00A62D52 /* Products */ = {
			isa = PBXGroup;
			children = (
				63527FAB278C7B1A00A62D52 /* TMDBapp.app */,
			);
			name = Products;
			sourceTree = "<group>";
		};
		63527FAD278C7B1A00A62D52 /* TMDBapp */ = {
			isa = PBXGroup;
			children = (
				63527FC6278C868000A62D52 /* Modules */,
				63527FC9278C86DF00A62D52 /* API Errors */,
				63527FC5278C866800A62D52 /* Extensions */,
				63527FC8278C86B600A62D52 /* Common */,
				63527FC7278C869100A62D52 /* Managers */,
				63527FC3278C861C00A62D52 /* Launch Screen */,
				63527FC4278C865100A62D52 /* Assets */,
				63527FC2278C860500A62D52 /* Default files */,
				63527FBC278C7B1D00A62D52 /* Info.plist */,
			);
			path = TMDBapp;
			sourceTree = "<group>";
		};
		63527FC2278C860500A62D52 /* Default files */ = {
			isa = PBXGroup;
			children = (
				63527FB0278C7B1A00A62D52 /* SceneDelegate.swift */,
				63527FAE278C7B1A00A62D52 /* AppDelegate.swift */,
			);
			path = "Default files";
			sourceTree = "<group>";
		};
		63527FC3278C861C00A62D52 /* Launch Screen */ = {
			isa = PBXGroup;
			children = (
				63527FB9278C7B1D00A62D52 /* LaunchScreen.storyboard */,
			);
			path = "Launch Screen";
			sourceTree = "<group>";
		};
		63527FC4278C865100A62D52 /* Assets */ = {
			isa = PBXGroup;
			children = (
				63527FB7278C7B1D00A62D52 /* Assets.xcassets */,
			);
			path = Assets;
			sourceTree = "<group>";
		};
		63527FC5278C866800A62D52 /* Extensions */ = {
			isa = PBXGroup;
			children = (
			);
			path = Extensions;
			sourceTree = "<group>";
		};
		63527FC6278C868000A62D52 /* Modules */ = {
			isa = PBXGroup;
			children = (
				63527FCA278C871E00A62D52 /* MediaViewController */,
			);
			path = Modules;
			sourceTree = "<group>";
		};
		63527FC7278C869100A62D52 /* Managers */ = {
			isa = PBXGroup;
			children = (
			);
			path = Managers;
			sourceTree = "<group>";
		};
		63527FC8278C86B600A62D52 /* Common */ = {
			isa = PBXGroup;
			children = (
			);
			path = Common;
			sourceTree = "<group>";
		};
		63527FC9278C86DF00A62D52 /* API Errors */ = {
			isa = PBXGroup;
			children = (
			);
			path = "API Errors";
			sourceTree = "<group>";
		};
		63527FCA278C871E00A62D52 /* MediaViewController */ = {
			isa = PBXGroup;
			children = (
				63527FCC278C89A900A62D52 /* Model */,
				63527FCB278C899B00A62D52 /* ViewModel */,
				63527FCD278C89BE00A62D52 /* View */,
				63527FB2278C7B1A00A62D52 /* MediaViewController.swift */,
				63527FB4278C7B1A00A62D52 /* Main.storyboard */,
			);
			path = MediaViewController;
			sourceTree = "<group>";
		};
		63527FCB278C899B00A62D52 /* ViewModel */ = {
			isa = PBXGroup;
			children = (
			);
			path = ViewModel;
			sourceTree = "<group>";
		};
		63527FCC278C89A900A62D52 /* Model */ = {
			isa = PBXGroup;
			children = (
			);
			path = Model;
			sourceTree = "<group>";
		};
		63527FCD278C89BE00A62D52 /* View */ = {
			isa = PBXGroup;
			children = (
			);
			path = View;
			sourceTree = "<group>";
		};
		6AA163D1D642E36AD35510AB /* Frameworks */ = {
			isa = PBXGroup;
			children = (
				59D810E85CCE5561FA88D459 /* Pods_TMDBapp.framework */,
			);
			name = Frameworks;
			sourceTree = "<group>";
		};
		A3F4A15BDCC4C96104086994 /* Pods */ = {
			isa = PBXGroup;
			children = (
				F4972F7AE00735DB48D9D325 /* Pods-TMDBapp.debug.xcconfig */,
				E9BEA3DAA6712ADE02AAC600 /* Pods-TMDBapp.release.xcconfig */,
			);
			path = Pods;
			sourceTree = "<group>";
		};
/* End PBXGroup section */

/* Begin PBXNativeTarget section */
		63527FAA278C7B1A00A62D52 /* TMDBapp */ = {
			isa = PBXNativeTarget;
			buildConfigurationList = 63527FBF278C7B1D00A62D52 /* Build configuration list for PBXNativeTarget "TMDBapp" */;
			buildPhases = (
				4F7445A38613C7C5550E0C92 /* [CP] Check Pods Manifest.lock */,
				63527FA7278C7B1A00A62D52 /* Sources */,
				63527FA8278C7B1A00A62D52 /* Frameworks */,
				63527FA9278C7B1A00A62D52 /* Resources */,
				3302CA52A1E64D86E1C4847F /* [CP] Embed Pods Frameworks */,
			);
			buildRules = (
			);
			dependencies = (
			);
			name = TMDBapp;
			productName = TMDBapp;
			productReference = 63527FAB278C7B1A00A62D52 /* TMDBapp.app */;
			productType = "com.apple.product-type.application";
		};
/* End PBXNativeTarget section */

/* Begin PBXProject section */
		63527FA3278C7B1A00A62D52 /* Project object */ = {
			isa = PBXProject;
			attributes = {
				BuildIndependentTargetsInParallel = 1;
				LastSwiftUpdateCheck = 1310;
				LastUpgradeCheck = 1310;
				TargetAttributes = {
					63527FAA278C7B1A00A62D52 = {
						CreatedOnToolsVersion = 13.1;
					};
				};
			};
			buildConfigurationList = 63527FA6278C7B1A00A62D52 /* Build configuration list for PBXProject "TMDBapp" */;
			compatibilityVersion = "Xcode 13.0";
			developmentRegion = en;
			hasScannedForEncodings = 0;
			knownRegions = (
				en,
				Base,
			);
			mainGroup = 63527FA2278C7B1A00A62D52;
			productRefGroup = 63527FAC278C7B1A00A62D52 /* Products */;
			projectDirPath = "";
			projectRoot = "";
			targets = (
				63527FAA278C7B1A00A62D52 /* TMDBapp */,
			);
		};
/* End PBXProject section */

/* Begin PBXResourcesBuildPhase section */
		63527FA9278C7B1A00A62D52 /* Resources */ = {
			isa = PBXResourcesBuildPhase;
			buildActionMask = 2147483647;
			files = (
				63527FBB278C7B1D00A62D52 /* LaunchScreen.storyboard in Resources */,
				63527FB8278C7B1D00A62D52 /* Assets.xcassets in Resources */,
				63527FB6278C7B1A00A62D52 /* Main.storyboard in Resources */,
			);
			runOnlyForDeploymentPostprocessing = 0;
		};
/* End PBXResourcesBuildPhase section */

/* Begin PBXShellScriptBuildPhase section */
		3302CA52A1E64D86E1C4847F /* [CP] Embed Pods Frameworks */ = {
			isa = PBXShellScriptBuildPhase;
			buildActionMask = 2147483647;
			files = (
			);
			inputFileListPaths = (
				"${PODS_ROOT}/Target Support Files/Pods-TMDBapp/Pods-TMDBapp-frameworks-${CONFIGURATION}-input-files.xcfilelist",
			);
			name = "[CP] Embed Pods Frameworks";
			outputFileListPaths = (
				"${PODS_ROOT}/Target Support Files/Pods-TMDBapp/Pods-TMDBapp-frameworks-${CONFIGURATION}-output-files.xcfilelist",
			);
			runOnlyForDeploymentPostprocessing = 0;
			shellPath = /bin/sh;
			shellScript = "\"${PODS_ROOT}/Target Support Files/Pods-TMDBapp/Pods-TMDBapp-frameworks.sh\"\n";
			showEnvVarsInLog = 0;
		};
		4F7445A38613C7C5550E0C92 /* [CP] Check Pods Manifest.lock */ = {
			isa = PBXShellScriptBuildPhase;
			buildActionMask = 2147483647;
			files = (
			);
			inputFileListPaths = (
			);
			inputPaths = (
				"${PODS_PODFILE_DIR_PATH}/Podfile.lock",
				"${PODS_ROOT}/Manifest.lock",
			);
			name = "[CP] Check Pods Manifest.lock";
			outputFileListPaths = (
			);
			outputPaths = (
				"$(DERIVED_FILE_DIR)/Pods-TMDBapp-checkManifestLockResult.txt",
			);
			runOnlyForDeploymentPostprocessing = 0;
			shellPath = /bin/sh;
			shellScript = "diff \"${PODS_PODFILE_DIR_PATH}/Podfile.lock\" \"${PODS_ROOT}/Manifest.lock\" > /dev/null\nif [ $? != 0 ] ; then\n    # print error to STDERR\n    echo \"error: The sandbox is not in sync with the Podfile.lock. Run 'pod install' or update your CocoaPods installation.\" >&2\n    exit 1\nfi\n# This output is used by Xcode 'outputs' to avoid re-running this script phase.\necho \"SUCCESS\" > \"${SCRIPT_OUTPUT_FILE_0}\"\n";
			showEnvVarsInLog = 0;
		};
/* End PBXShellScriptBuildPhase section */

/* Begin PBXSourcesBuildPhase section */
		63527FA7278C7B1A00A62D52 /* Sources */ = {
			isa = PBXSourcesBuildPhase;
			buildActionMask = 2147483647;
			files = (
				63527FB3278C7B1A00A62D52 /* MediaViewController.swift in Sources */,
				63527FAF278C7B1A00A62D52 /* AppDelegate.swift in Sources */,
				63527FB1278C7B1A00A62D52 /* SceneDelegate.swift in Sources */,
			);
			runOnlyForDeploymentPostprocessing = 0;
		};
/* End PBXSourcesBuildPhase section */

/* Begin PBXVariantGroup section */
		63527FB4278C7B1A00A62D52 /* Main.storyboard */ = {
			isa = PBXVariantGroup;
			children = (
				63527FB5278C7B1A00A62D52 /* Base */,
			);
			name = Main.storyboard;
			sourceTree = "<group>";
		};
		63527FB9278C7B1D00A62D52 /* LaunchScreen.storyboard */ = {
			isa = PBXVariantGroup;
			children = (
				63527FBA278C7B1D00A62D52 /* Base */,
			);
			name = LaunchScreen.storyboard;
			sourceTree = "<group>";
		};
/* End PBXVariantGroup section */

/* Begin XCBuildConfiguration section */
		63527FBD278C7B1D00A62D52 /* Debug */ = {
			isa = XCBuildConfiguration;
			buildSettings = {
				ALWAYS_SEARCH_USER_PATHS = NO;
				CLANG_ANALYZER_NONNULL = YES;
				CLANG_ANALYZER_NUMBER_OBJECT_CONVERSION = YES_AGGRESSIVE;
				CLANG_CXX_LANGUAGE_STANDARD = "gnu++17";
				CLANG_CXX_LIBRARY = "libc++";
				CLANG_ENABLE_MODULES = YES;
				CLANG_ENABLE_OBJC_ARC = YES;
				CLANG_ENABLE_OBJC_WEAK = YES;
				CLANG_WARN_BLOCK_CAPTURE_AUTORELEASING = YES;
				CLANG_WARN_BOOL_CONVERSION = YES;
				CLANG_WARN_COMMA = YES;
				CLANG_WARN_CONSTANT_CONVERSION = YES;
				CLANG_WARN_DEPRECATED_OBJC_IMPLEMENTATIONS = YES;
				CLANG_WARN_DIRECT_OBJC_ISA_USAGE = YES_ERROR;
				CLANG_WARN_DOCUMENTATION_COMMENTS = YES;
				CLANG_WARN_EMPTY_BODY = YES;
				CLANG_WARN_ENUM_CONVERSION = YES;
				CLANG_WARN_INFINITE_RECURSION = YES;
				CLANG_WARN_INT_CONVERSION = YES;
				CLANG_WARN_NON_LITERAL_NULL_CONVERSION = YES;
				CLANG_WARN_OBJC_IMPLICIT_RETAIN_SELF = YES;
				CLANG_WARN_OBJC_LITERAL_CONVERSION = YES;
				CLANG_WARN_OBJC_ROOT_CLASS = YES_ERROR;
				CLANG_WARN_QUOTED_INCLUDE_IN_FRAMEWORK_HEADER = YES;
				CLANG_WARN_RANGE_LOOP_ANALYSIS = YES;
				CLANG_WARN_STRICT_PROTOTYPES = YES;
				CLANG_WARN_SUSPICIOUS_MOVE = YES;
				CLANG_WARN_UNGUARDED_AVAILABILITY = YES_AGGRESSIVE;
				CLANG_WARN_UNREACHABLE_CODE = YES;
				CLANG_WARN__DUPLICATE_METHOD_MATCH = YES;
				COPY_PHASE_STRIP = NO;
				DEBUG_INFORMATION_FORMAT = dwarf;
				ENABLE_STRICT_OBJC_MSGSEND = YES;
				ENABLE_TESTABILITY = YES;
				GCC_C_LANGUAGE_STANDARD = gnu11;
				GCC_DYNAMIC_NO_PIC = NO;
				GCC_NO_COMMON_BLOCKS = YES;
				GCC_OPTIMIZATION_LEVEL = 0;
				GCC_PREPROCESSOR_DEFINITIONS = (
					"DEBUG=1",
					"$(inherited)",
				);
				GCC_WARN_64_TO_32_BIT_CONVERSION = YES;
				GCC_WARN_ABOUT_RETURN_TYPE = YES_ERROR;
				GCC_WARN_UNDECLARED_SELECTOR = YES;
				GCC_WARN_UNINITIALIZED_AUTOS = YES_AGGRESSIVE;
				GCC_WARN_UNUSED_FUNCTION = YES;
				GCC_WARN_UNUSED_VARIABLE = YES;
				IPHONEOS_DEPLOYMENT_TARGET = 15.0;
				MTL_ENABLE_DEBUG_INFO = INCLUDE_SOURCE;
				MTL_FAST_MATH = YES;
				ONLY_ACTIVE_ARCH = YES;
				SDKROOT = iphoneos;
				SWIFT_ACTIVE_COMPILATION_CONDITIONS = DEBUG;
				SWIFT_OPTIMIZATION_LEVEL = "-Onone";
			};
			name = Debug;
		};
		63527FBE278C7B1D00A62D52 /* Release */ = {
			isa = XCBuildConfiguration;
			buildSettings = {
				ALWAYS_SEARCH_USER_PATHS = NO;
				CLANG_ANALYZER_NONNULL = YES;
				CLANG_ANALYZER_NUMBER_OBJECT_CONVERSION = YES_AGGRESSIVE;
				CLANG_CXX_LANGUAGE_STANDARD = "gnu++17";
				CLANG_CXX_LIBRARY = "libc++";
				CLANG_ENABLE_MODULES = YES;
				CLANG_ENABLE_OBJC_ARC = YES;
				CLANG_ENABLE_OBJC_WEAK = YES;
				CLANG_WARN_BLOCK_CAPTURE_AUTORELEASING = YES;
				CLANG_WARN_BOOL_CONVERSION = YES;
				CLANG_WARN_COMMA = YES;
				CLANG_WARN_CONSTANT_CONVERSION = YES;
				CLANG_WARN_DEPRECATED_OBJC_IMPLEMENTATIONS = YES;
				CLANG_WARN_DIRECT_OBJC_ISA_USAGE = YES_ERROR;
				CLANG_WARN_DOCUMENTATION_COMMENTS = YES;
				CLANG_WARN_EMPTY_BODY = YES;
				CLANG_WARN_ENUM_CONVERSION = YES;
				CLANG_WARN_INFINITE_RECURSION = YES;
				CLANG_WARN_INT_CONVERSION = YES;
				CLANG_WARN_NON_LITERAL_NULL_CONVERSION = YES;
				CLANG_WARN_OBJC_IMPLICIT_RETAIN_SELF = YES;
				CLANG_WARN_OBJC_LITERAL_CONVERSION = YES;
				CLANG_WARN_OBJC_ROOT_CLASS = YES_ERROR;
				CLANG_WARN_QUOTED_INCLUDE_IN_FRAMEWORK_HEADER = YES;
				CLANG_WARN_RANGE_LOOP_ANALYSIS = YES;
				CLANG_WARN_STRICT_PROTOTYPES = YES;
				CLANG_WARN_SUSPICIOUS_MOVE = YES;
				CLANG_WARN_UNGUARDED_AVAILABILITY = YES_AGGRESSIVE;
				CLANG_WARN_UNREACHABLE_CODE = YES;
				CLANG_WARN__DUPLICATE_METHOD_MATCH = YES;
				COPY_PHASE_STRIP = NO;
				DEBUG_INFORMATION_FORMAT = "dwarf-with-dsym";
				ENABLE_NS_ASSERTIONS = NO;
				ENABLE_STRICT_OBJC_MSGSEND = YES;
				GCC_C_LANGUAGE_STANDARD = gnu11;
				GCC_NO_COMMON_BLOCKS = YES;
				GCC_WARN_64_TO_32_BIT_CONVERSION = YES;
				GCC_WARN_ABOUT_RETURN_TYPE = YES_ERROR;
				GCC_WARN_UNDECLARED_SELECTOR = YES;
				GCC_WARN_UNINITIALIZED_AUTOS = YES_AGGRESSIVE;
				GCC_WARN_UNUSED_FUNCTION = YES;
				GCC_WARN_UNUSED_VARIABLE = YES;
				IPHONEOS_DEPLOYMENT_TARGET = 15.0;
				MTL_ENABLE_DEBUG_INFO = NO;
				MTL_FAST_MATH = YES;
				SDKROOT = iphoneos;
				SWIFT_COMPILATION_MODE = wholemodule;
				SWIFT_OPTIMIZATION_LEVEL = "-O";
				VALIDATE_PRODUCT = YES;
			};
			name = Release;
		};
		63527FC0278C7B1D00A62D52 /* Debug */ = {
			isa = XCBuildConfiguration;
			baseConfigurationReference = F4972F7AE00735DB48D9D325 /* Pods-TMDBapp.debug.xcconfig */;
			buildSettings = {
				ASSETCATALOG_COMPILER_APPICON_NAME = AppIcon;
				ASSETCATALOG_COMPILER_GLOBAL_ACCENT_COLOR_NAME = AccentColor;
				CODE_SIGN_STYLE = Automatic;
				CURRENT_PROJECT_VERSION = 1;
				DEVELOPMENT_TEAM = HK95C9K49D;
				GENERATE_INFOPLIST_FILE = YES;
				INFOPLIST_FILE = TMDBapp/Info.plist;
				INFOPLIST_KEY_UIApplicationSupportsIndirectInputEvents = YES;
				INFOPLIST_KEY_UILaunchStoryboardName = LaunchScreen;
				INFOPLIST_KEY_UIMainStoryboardFile = Main;
				INFOPLIST_KEY_UISupportedInterfaceOrientations_iPad = "UIInterfaceOrientationPortrait UIInterfaceOrientationPortraitUpsideDown UIInterfaceOrientationLandscapeLeft UIInterfaceOrientationLandscapeRight";
				INFOPLIST_KEY_UISupportedInterfaceOrientations_iPhone = "UIInterfaceOrientationPortrait UIInterfaceOrientationLandscapeLeft UIInterfaceOrientationLandscapeRight";
				LD_RUNPATH_SEARCH_PATHS = (
					"$(inherited)",
					"@executable_path/Frameworks",
				);
				MARKETING_VERSION = 1.0;
				PRODUCT_BUNDLE_IDENTIFIER = rkhazov.TMDBapp;
				PRODUCT_NAME = "$(TARGET_NAME)";
				SWIFT_EMIT_LOC_STRINGS = YES;
				SWIFT_VERSION = 5.0;
				TARGETED_DEVICE_FAMILY = "1,2";
			};
			name = Debug;
		};
		63527FC1278C7B1D00A62D52 /* Release */ = {
			isa = XCBuildConfiguration;
			baseConfigurationReference = E9BEA3DAA6712ADE02AAC600 /* Pods-TMDBapp.release.xcconfig */;
			buildSettings = {
				ASSETCATALOG_COMPILER_APPICON_NAME = AppIcon;
				ASSETCATALOG_COMPILER_GLOBAL_ACCENT_COLOR_NAME = AccentColor;
				CODE_SIGN_STYLE = Automatic;
				CURRENT_PROJECT_VERSION = 1;
				DEVELOPMENT_TEAM = HK95C9K49D;
				GENERATE_INFOPLIST_FILE = YES;
				INFOPLIST_FILE = TMDBapp/Info.plist;
				INFOPLIST_KEY_UIApplicationSupportsIndirectInputEvents = YES;
				INFOPLIST_KEY_UILaunchStoryboardName = LaunchScreen;
				INFOPLIST_KEY_UIMainStoryboardFile = Main;
				INFOPLIST_KEY_UISupportedInterfaceOrientations_iPad = "UIInterfaceOrientationPortrait UIInterfaceOrientationPortraitUpsideDown UIInterfaceOrientationLandscapeLeft UIInterfaceOrientationLandscapeRight";
				INFOPLIST_KEY_UISupportedInterfaceOrientations_iPhone = "UIInterfaceOrientationPortrait UIInterfaceOrientationLandscapeLeft UIInterfaceOrientationLandscapeRight";
				LD_RUNPATH_SEARCH_PATHS = (
					"$(inherited)",
					"@executable_path/Frameworks",
				);
				MARKETING_VERSION = 1.0;
				PRODUCT_BUNDLE_IDENTIFIER = rkhazov.TMDBapp;
				PRODUCT_NAME = "$(TARGET_NAME)";
				SWIFT_EMIT_LOC_STRINGS = YES;
				SWIFT_VERSION = 5.0;
				TARGETED_DEVICE_FAMILY = "1,2";
			};
			name = Release;
		};
/* End XCBuildConfiguration section */

/* Begin XCConfigurationList section */
		63527FA6278C7B1A00A62D52 /* Build configuration list for PBXProject "TMDBapp" */ = {
			isa = XCConfigurationList;
			buildConfigurations = (
				63527FBD278C7B1D00A62D52 /* Debug */,
				63527FBE278C7B1D00A62D52 /* Release */,
			);
			defaultConfigurationIsVisible = 0;
			defaultConfigurationName = Release;
		};
		63527FBF278C7B1D00A62D52 /* Build configuration list for PBXNativeTarget "TMDBapp" */ = {
			isa = XCConfigurationList;
			buildConfigurations = (
				63527FC0278C7B1D00A62D52 /* Debug */,
				63527FC1278C7B1D00A62D52 /* Release */,
			);
			defaultConfigurationIsVisible = 0;
			defaultConfigurationName = Release;
		};
/* End XCConfigurationList section */
	};
	rootObject = 63527FA3278C7B1A00A62D52 /* Project object */;
}
